
Microsoft Visual Studio Solution File, Format Version 12.00
# Visual Studio Version 16
VisualStudioVersion = 16.0.30406.217
MinimumVisualStudioVersion = 10.0.40219.1
Project("{FAE04EC0-301F-11D3-BF4B-00C04F79EFBC}") = "FD-DOS", "FD-DOS.csproj", "{DC7CDEE5-475E-4A8E-97A4-2450194FDEF1}"
EndProject
Global
	GlobalSection(SolutionConfigurationPlatforms) = preSolution
		Debug|Any CPU = Debug|Any CPU
		Release|Any CPU = Release|Any CPU
	EndGlobalSection
	GlobalSection(ProjectConfigurationPlatforms) = postSolution
		{DC7CDEE5-475E-4A8E-97A4-2450194FDEF1}.Debug|Any CPU.ActiveCfg = Debug|Any CPU
		{DC7CDEE5-475E-4A8E-97A4-2450194FDEF1}.Debug|Any CPU.Build.0 = Debug|Any CPU
		{DC7CDEE5-475E-4A8E-97A4-2450194FDEF1}.Release|Any CPU.ActiveCfg = Release|Any CPU
		{DC7CDEE5-475E-4A8E-97A4-2450194FDEF1}.Release|Any CPU.Build.0 = Release|Any CPU
	EndGlobalSection
	GlobalSection(SolutionProperties) = preSolution
		HideSolutionNode = FALSE
	EndGlobalSection
	GlobalSection(ExtensibilityGlobals) = postSolution
		SolutionGuid = {D867DDD2-449A-4F1B-98BA-58762F0C4659}
	EndGlobalSection
EndGlobal
